
Microsoft Visual Studio Solution File, Format Version 12.00
# Visual Studio Version 16
VisualStudioVersion = 16.0.32106.194
MinimumVisualStudioVersion = 10.0.40219.1
Project("{FAE04EC0-301F-11D3-BF4B-00C04F79EFBC}") = "HelloWorld", "HelloWorld\HelloWorld.csproj", "{E462E6F1-9A32-47B1-A16F-95B52C36FCDB}"
EndProject
Global
	GlobalSection(SolutionConfigurationPlatforms) = preSolution
		Debug|Any CPU = Debug|Any CPU
		Release|Any CPU = Release|Any CPU
	EndGlobalSection
	GlobalSection(ProjectConfigurationPlatforms) = postSolution
		{E462E6F1-9A32-47B1-A16F-95B52C36FCDB}.Debug|Any CPU.ActiveCfg = Debug|Any CPU
		{E462E6F1-9A32-47B1-A16F-95B52C36FCDB}.Debug|Any CPU.Build.0 = Debug|Any CPU
		{E462E6F1-9A32-47B1-A16F-95B52C36FCDB}.Release|Any CPU.ActiveCfg = Release|Any CPU
		{E462E6F1-9A32-47B1-A16F-95B52C36FCDB}.Release|Any CPU.Build.0 = Release|Any CPU
	EndGlobalSection
	GlobalSection(SolutionProperties) = preSolution
		HideSolutionNode = FALSE
	EndGlobalSection
	GlobalSection(ExtensibilityGlobals) = postSolution
		SolutionGuid = {2850C252-6799-405A-AB62-E28F0D3E9A01}
	EndGlobalSection
EndGlobal
